
Microsoft Visual Studio Solution File, Format Version 12.00
# Visual Studio Version 17
VisualStudioVersion = 17.14.36301.6 d17.14
MinimumVisualStudioVersion = 10.0.40219.1
Project("{FAE04EC0-301F-11D3-BF4B-00C04F79EFBC}") = "SauceLabTestFramework", "SauceLabTestFramework\SauceLabTestFramework.csproj", "{1A5CA786-9A37-46DB-8725-385891E318C6}"
EndProject
Global
	GlobalSection(SolutionConfigurationPlatforms) = preSolution
		Debug|Any CPU = Debug|Any CPU
		Release|Any CPU = Release|Any CPU
	EndGlobalSection
	GlobalSection(ProjectConfigurationPlatforms) = postSolution
		{1A5CA786-9A37-46DB-8725-385891E318C6}.Debug|Any CPU.ActiveCfg = Debug|Any CPU
		{1A5CA786-9A37-46DB-8725-385891E318C6}.Debug|Any CPU.Build.0 = Debug|Any CPU
		{1A5CA786-9A37-46DB-8725-385891E318C6}.Release|Any CPU.ActiveCfg = Release|Any CPU
		{1A5CA786-9A37-46DB-8725-385891E318C6}.Release|Any CPU.Build.0 = Release|Any CPU
	EndGlobalSection
	GlobalSection(SolutionProperties) = preSolution
		HideSolutionNode = FALSE
	EndGlobalSection
	GlobalSection(ExtensibilityGlobals) = postSolution
		SolutionGuid = {2873017D-4AF2-4457-B965-67C1059ED640}
	EndGlobalSection
EndGlobal
